github.com/draffensperger/golp v0.0.0-20250721104811-2d405f0b4e68 h1:Zt1kA9y7DnXA5ACqWhHFD7yVXag6/uNsikEyR+4l+40=
github.com/draffensperger/golp v0.0.0-20250721104811-2d405f0b4e68/go.mod h1:/TbDI9zua4CTUs81AOyDxnKAuvXX/SmOjonijHadP+k=
github.com/google/go-cmp v0.5.9 h1:O2Tfq5qg4qc4AmwVlvv0oLiVAGB7enBSJ2x2DqQFi38=
github.com/google/go-cmp v0.5.9/go.mod h1:17dUlkBOakJ0+DkrSSNjCkIjxS6bF9zb3elmeNGIjoY=
golang.org/x/oauth2 v0.24.0 h1:KTBBxWqUa0ykRPLtV69rRto9TLXcqYkeswu48x/gvNE=
golang.org/x/oauth2 v0.24.0/go.mod h1:XYTD2NtWslqkgxebSiOHnXEap4TF09sJSc7H1sXbhtI=
